// !$*UTF8*$!
{
	archiveVersion = 1;
	classes = {
	};
	objectVersion = 56;
	objects = {

/* Begin PBXBuildFile section */
		86195B2A2A3C500B006D4BCE /* ConvertatorApp.swift in Sources */ = {isa = PBXBuildFile; fileRef = 86195B292A3C500B006D4BCE /* ConvertatorApp.swift */; };
		86195B2C2A3C500B006D4BCE /* ContentView.swift in Sources */ = {isa = PBXBuildFile; fileRef = 86195B2B2A3C500B006D4BCE /* ContentView.swift */; };
		86195B2E2A3C500D006D4BCE /* Assets.xcassets in Resources */ = {isa = PBXBuildFile; fileRef = 86195B2D2A3C500D006D4BCE /* Assets.xcassets */; };
		86195B312A3C500D006D4BCE /* Preview Assets.xcassets in Resources */ = {isa = PBXBuildFile; fileRef = 86195B302A3C500D006D4BCE /* Preview Assets.xcassets */; };
		8657DADE2A56B99600370EBB /* Temperature.swift in Sources */ = {isa = PBXBuildFile; fileRef = 8657DADD2A56B99600370EBB /* Temperature.swift */; };
		8657DAE22A56C08000370EBB /* Content-ViewModel.swift in Sources */ = {isa = PBXBuildFile; fileRef = 8657DAE12A56C08000370EBB /* Content-ViewModel.swift */; };
		8657DB022A56FBFF00370EBB /* Intro.swift in Sources */ = {isa = PBXBuildFile; fileRef = 8657DB012A56FBFF00370EBB /* Intro.swift */; };
		8657DB052A56FD7D00370EBB /* Localizable.strings in Resources */ = {isa = PBXBuildFile; fileRef = 8657DB072A56FD7D00370EBB /* Localizable.strings */; };
		865DDF322A45D64B00DC8F4A /* Volumes.swift in Sources */ = {isa = PBXBuildFile; fileRef = 865DDF312A45D64B00DC8F4A /* Volumes.swift */; };
		865DDF342A46488200DC8F4A /* Longueurs.swift in Sources */ = {isa = PBXBuildFile; fileRef = 865DDF332A46488200DC8F4A /* Longueurs.swift */; };
		86F5AE8D2A77F3590004AAC3 /* ConvertatorTests.swift in Sources */ = {isa = PBXBuildFile; fileRef = 86F5AE8C2A77F3590004AAC3 /* ConvertatorTests.swift */; };
		86F5AE962A77F7EC0004AAC3 /* testUnit.swift in Sources */ = {isa = PBXBuildFile; fileRef = 86F5AE942A77F7DE0004AAC3 /* testUnit.swift */; };
		86F5AE972A77F7EE0004AAC3 /* testUnit.swift in Sources */ = {isa = PBXBuildFile; fileRef = 86F5AE942A77F7DE0004AAC3 /* testUnit.swift */; };
/* End PBXBuildFile section */

/* Begin PBXContainerItemProxy section */
		86F5AE8E2A77F3590004AAC3 /* PBXContainerItemProxy */ = {
			isa = PBXContainerItemProxy;
			containerPortal = 86195B1E2A3C500B006D4BCE /* Project object */;
			proxyType = 1;
			remoteGlobalIDString = 86195B252A3C500B006D4BCE;
			remoteInfo = Convertator;
		};
/* End PBXContainerItemProxy section */

/* Begin PBXFileReference section */
		86195B262A3C500B006D4BCE /* Convertator.app */ = {isa = PBXFileReference; explicitFileType = wrapper.application; includeInIndex = 0; path = Convertator.app; sourceTree = BUILT_PRODUCTS_DIR; };
		86195B292A3C500B006D4BCE /* ConvertatorApp.swift */ = {isa = PBXFileReference; lastKnownFileType = sourcecode.swift; path = ConvertatorApp.swift; sourceTree = "<group>"; };
		86195B2B2A3C500B006D4BCE /* ContentView.swift */ = {isa = PBXFileReference; lastKnownFileType = sourcecode.swift; path = ContentView.swift; sourceTree = "<group>"; };
		86195B2D2A3C500D006D4BCE /* Assets.xcassets */ = {isa = PBXFileReference; lastKnownFileType = folder.assetcatalog; path = Assets.xcassets; sourceTree = "<group>"; };
		86195B302A3C500D006D4BCE /* Preview Assets.xcassets */ = {isa = PBXFileReference; lastKnownFileType = folder.assetcatalog; path = "Preview Assets.xcassets"; sourceTree = "<group>"; };
		8657DADD2A56B99600370EBB /* Temperature.swift */ = {isa = PBXFileReference; lastKnownFileType = sourcecode.swift; path = Temperature.swift; sourceTree = "<group>"; };
		8657DAE12A56C08000370EBB /* Content-ViewModel.swift */ = {isa = PBXFileReference; lastKnownFileType = sourcecode.swift; path = "Content-ViewModel.swift"; sourceTree = "<group>"; };
		8657DB012A56FBFF00370EBB /* Intro.swift */ = {isa = PBXFileReference; lastKnownFileType = sourcecode.swift; path = Intro.swift; sourceTree = "<group>"; };
		8657DB082A56FDA100370EBB /* fr */ = {isa = PBXFileReference; lastKnownFileType = text.plist.strings; name = fr; path = fr.lproj/Localizable.strings; sourceTree = "<group>"; };
		8657DB092A57004600370EBB /* ca */ = {isa = PBXFileReference; lastKnownFileType = text.plist.strings; name = ca; path = ca.lproj/Localizable.strings; sourceTree = "<group>"; };
		8657DB0A2A57069900370EBB /* fa */ = {isa = PBXFileReference; lastKnownFileType = text.plist.strings; name = fa; path = fa.lproj/Localizable.strings; sourceTree = "<group>"; };
		8657DB0B2A570A6500370EBB /* en */ = {isa = PBXFileReference; lastKnownFileType = text.plist.strings; name = en; path = en.lproj/Localizable.strings; sourceTree = "<group>"; };
		8657DB0C2A570ABC00370EBB /* es */ = {isa = PBXFileReference; lastKnownFileType = text.plist.strings; name = es; path = es.lproj/Localizable.strings; sourceTree = "<group>"; };
		8657DB0D2A570BE500370EBB /* tg */ = {isa = PBXFileReference; lastKnownFileType = text.plist.strings; name = tg; path = tg.lproj/Localizable.strings; sourceTree = "<group>"; };
		865DDF312A45D64B00DC8F4A /* Volumes.swift */ = {isa = PBXFileReference; lastKnownFileType = sourcecode.swift; path = Volumes.swift; sourceTree = "<group>"; };
		865DDF332A46488200DC8F4A /* Longueurs.swift */ = {isa = PBXFileReference; lastKnownFileType = sourcecode.swift; path = Longueurs.swift; sourceTree = "<group>"; };
		86F5AE8A2A77F3590004AAC3 /* ConvertatorTests.xctest */ = {isa = PBXFileReference; explicitFileType = wrapper.cfbundle; includeInIndex = 0; path = ConvertatorTests.xctest; sourceTree = BUILT_PRODUCTS_DIR; };
		86F5AE8C2A77F3590004AAC3 /* ConvertatorTests.swift */ = {isa = PBXFileReference; lastKnownFileType = sourcecode.swift; path = ConvertatorTests.swift; sourceTree = "<group>"; };
		86F5AE942A77F7DE0004AAC3 /* testUnit.swift */ = {isa = PBXFileReference; lastKnownFileType = sourcecode.swift; path = testUnit.swift; sourceTree = "<group>"; };
/* End PBXFileReference section */

/* Begin PBXFrameworksBuildPhase section */
		86195B232A3C500B006D4BCE /* Frameworks */ = {
			isa = PBXFrameworksBuildPhase;
			buildActionMask = 2147483647;
			files = (
			);
			runOnlyForDeploymentPostprocessing = 0;
		};
		86F5AE872A77F3590004AAC3 /* Frameworks */ = {
			isa = PBXFrameworksBuildPhase;
			buildActionMask = 2147483647;
			files = (
			);
			runOnlyForDeploymentPostprocessing = 0;
		};
/* End PBXFrameworksBuildPhase section */

/* Begin PBXGroup section */
		86195B1D2A3C500B006D4BCE = {
			isa = PBXGroup;
			children = (
				86195B282A3C500B006D4BCE /* Convertator */,
				86F5AE8B2A77F3590004AAC3 /* ConvertatorTests */,
				86195B272A3C500B006D4BCE /* Products */,
			);
			sourceTree = "<group>";
		};
		86195B272A3C500B006D4BCE /* Products */ = {
			isa = PBXGroup;
			children = (
				86195B262A3C500B006D4BCE /* Convertator.app */,
				86F5AE8A2A77F3590004AAC3 /* ConvertatorTests.xctest */,
			);
			name = Products;
			sourceTree = "<group>";
		};
		86195B282A3C500B006D4BCE /* Convertator */ = {
			isa = PBXGroup;
			children = (
				86195B292A3C500B006D4BCE /* ConvertatorApp.swift */,
				86195B2B2A3C500B006D4BCE /* ContentView.swift */,
				8657DB012A56FBFF00370EBB /* Intro.swift */,
				865DDF312A45D64B00DC8F4A /* Volumes.swift */,
				865DDF332A46488200DC8F4A /* Longueurs.swift */,
				8657DADD2A56B99600370EBB /* Temperature.swift */,
				8657DAE12A56C08000370EBB /* Content-ViewModel.swift */,
				86195B2D2A3C500D006D4BCE /* Assets.xcassets */,
				8657DB072A56FD7D00370EBB /* Localizable.strings */,
				86195B2F2A3C500D006D4BCE /* Preview Content */,
				86F5AE942A77F7DE0004AAC3 /* testUnit.swift */,
			);
			path = Convertator;
			sourceTree = "<group>";
		};
		86195B2F2A3C500D006D4BCE /* Preview Content */ = {
			isa = PBXGroup;
			children = (
				86195B302A3C500D006D4BCE /* Preview Assets.xcassets */,
			);
			path = "Preview Content";
			sourceTree = "<group>";
		};
		86F5AE8B2A77F3590004AAC3 /* ConvertatorTests */ = {
			isa = PBXGroup;
			children = (
				86F5AE8C2A77F3590004AAC3 /* ConvertatorTests.swift */,
			);
			path = ConvertatorTests;
			sourceTree = "<group>";
		};
/* End PBXGroup section */

/* Begin PBXNativeTarget section */
		86195B252A3C500B006D4BCE /* Convertator */ = {
			isa = PBXNativeTarget;
			buildConfigurationList = 86195B342A3C500D006D4BCE /* Build configuration list for PBXNativeTarget "Convertator" */;
			buildPhases = (
				86195B222A3C500B006D4BCE /* Sources */,
				86195B232A3C500B006D4BCE /* Frameworks */,
				86195B242A3C500B006D4BCE /* Resources */,
			);
			buildRules = (
			);
			dependencies = (
			);
			name = Convertator;
			productName = Convertator;
			productReference = 86195B262A3C500B006D4BCE /* Convertator.app */;
			productType = "com.apple.product-type.application";
		};
		86F5AE892A77F3590004AAC3 /* ConvertatorTests */ = {
			isa = PBXNativeTarget;
			buildConfigurationList = 86F5AE922A77F3590004AAC3 /* Build configuration list for PBXNativeTarget "ConvertatorTests" */;
			buildPhases = (
				86F5AE862A77F3590004AAC3 /* Sources */,
				86F5AE872A77F3590004AAC3 /* Frameworks */,
				86F5AE882A77F3590004AAC3 /* Resources */,
			);
			buildRules = (
			);
			dependencies = (
				86F5AE8F2A77F3590004AAC3 /* PBXTargetDependency */,
			);
			name = ConvertatorTests;
			productName = ConvertatorTests;
			productReference = 86F5AE8A2A77F3590004AAC3 /* ConvertatorTests.xctest */;
			productType = "com.apple.product-type.bundle.unit-test";
		};
/* End PBXNativeTarget section */

/* Begin PBXProject section */
		86195B1E2A3C500B006D4BCE /* Project object */ = {
			isa = PBXProject;
			attributes = {
				BuildIndependentTargetsInParallel = 1;
				LastSwiftUpdateCheck = 1430;
				LastUpgradeCheck = 1430;
				TargetAttributes = {
					86195B252A3C500B006D4BCE = {
						CreatedOnToolsVersion = 14.3.1;
					};
					86F5AE892A77F3590004AAC3 = {
						CreatedOnToolsVersion = 14.3.1;
						TestTargetID = 86195B252A3C500B006D4BCE;
					};
				};
			};
			buildConfigurationList = 86195B212A3C500B006D4BCE /* Build configuration list for PBXProject "Convertator" */;
			compatibilityVersion = "Xcode 14.0";
			developmentRegion = fr;
			hasScannedForEncodings = 0;
			knownRegions = (
				Base,
				fr,
				ca,
				fa,
				en,
				es,
				tg,
			);
			mainGroup = 86195B1D2A3C500B006D4BCE;
			productRefGroup = 86195B272A3C500B006D4BCE /* Products */;
			projectDirPath = "";
			projectRoot = "";
			targets = (
				86195B252A3C500B006D4BCE /* Convertator */,
				86F5AE892A77F3590004AAC3 /* ConvertatorTests */,
			);
		};
/* End PBXProject section */

/* Begin PBXResourcesBuildPhase section */
		86195B242A3C500B006D4BCE /* Resources */ = {
			isa = PBXResourcesBuildPhase;
			buildActionMask = 2147483647;
			files = (
				86195B312A3C500D006D4BCE /* Preview Assets.xcassets in Resources */,
				8657DB052A56FD7D00370EBB /* Localizable.strings in Resources */,
				86195B2E2A3C500D006D4BCE /* Assets.xcassets in Resources */,
			);
			runOnlyForDeploymentPostprocessing = 0;
		};
		86F5AE882A77F3590004AAC3 /* Resources */ = {
			isa = PBXResourcesBuildPhase;
			buildActionMask = 2147483647;
			files = (
			);
			runOnlyForDeploymentPostprocessing = 0;
		};
/* End PBXResourcesBuildPhase section */

/* Begin PBXSourcesBuildPhase section */
		86195B222A3C500B006D4BCE /* Sources */ = {
			isa = PBXSourcesBuildPhase;
			buildActionMask = 2147483647;
			files = (
				86195B2C2A3C500B006D4BCE /* ContentView.swift in Sources */,
				86F5AE972A77F7EE0004AAC3 /* testUnit.swift in Sources */,
				865DDF322A45D64B00DC8F4A /* Volumes.swift in Sources */,
				8657DAE22A56C08000370EBB /* Content-ViewModel.swift in Sources */,
				865DDF342A46488200DC8F4A /* Longueurs.swift in Sources */,
				8657DB022A56FBFF00370EBB /* Intro.swift in Sources */,
				8657DADE2A56B99600370EBB /* Temperature.swift in Sources */,
				86195B2A2A3C500B006D4BCE /* ConvertatorApp.swift in Sources */,
			);
			runOnlyForDeploymentPostprocessing = 0;
		};
		86F5AE862A77F3590004AAC3 /* Sources */ = {
			isa = PBXSourcesBuildPhase;
			buildActionMask = 2147483647;
			files = (
				86F5AE8D2A77F3590004AAC3 /* ConvertatorTests.swift in Sources */,
				86F5AE962A77F7EC0004AAC3 /* testUnit.swift in Sources */,
			);
			runOnlyForDeploymentPostprocessing = 0;
		};
/* End PBXSourcesBuildPhase section */

/* Begin PBXTargetDependency section */
		86F5AE8F2A77F3590004AAC3 /* PBXTargetDependency */ = {
			isa = PBXTargetDependency;
			target = 86195B252A3C500B006D4BCE /* Convertator */;
			targetProxy = 86F5AE8E2A77F3590004AAC3 /* PBXContainerItemProxy */;
		};
/* End PBXTargetDependency section */

/* Begin PBXVariantGroup section */
		8657DB072A56FD7D00370EBB /* Localizable.strings */ = {
			isa = PBXVariantGroup;
			children = (
				8657DB082A56FDA100370EBB /* fr */,
				8657DB092A57004600370EBB /* ca */,
				8657DB0A2A57069900370EBB /* fa */,
				8657DB0B2A570A6500370EBB /* en */,
				8657DB0C2A570ABC00370EBB /* es */,
				8657DB0D2A570BE500370EBB /* tg */,
			);
			name = Localizable.strings;
			sourceTree = "<group>";
		};
/* End PBXVariantGroup section */

/* Begin XCBuildConfiguration section */
		86195B322A3C500D006D4BCE /* Debug */ = {
			isa = XCBuildConfiguration;
			buildSettings = {
				ALWAYS_SEARCH_USER_PATHS = NO;
				CLANG_ANALYZER_LOCALIZABILITY_NONLOCALIZED = YES;
				CLANG_ANALYZER_NONNULL = YES;
				CLANG_ANALYZER_NUMBER_OBJECT_CONVERSION = YES_AGGRESSIVE;
				CLANG_CXX_LANGUAGE_STANDARD = "gnu++20";
				CLANG_ENABLE_MODULES = YES;
				CLANG_ENABLE_OBJC_ARC = YES;
				CLANG_ENABLE_OBJC_WEAK = YES;
				CLANG_WARN_BLOCK_CAPTURE_AUTORELEASING = YES;
				CLANG_WARN_BOOL_CONVERSION = YES;
				CLANG_WARN_COMMA = YES;
				CLANG_WARN_CONSTANT_CONVERSION = YES;
				CLANG_WARN_DEPRECATED_OBJC_IMPLEMENTATIONS = YES;
				CLANG_WARN_DIRECT_OBJC_ISA_USAGE = YES_ERROR;
				CLANG_WARN_DOCUMENTATION_COMMENTS = YES;
				CLANG_WARN_EMPTY_BODY = YES;
				CLANG_WARN_ENUM_CONVERSION = YES;
				CLANG_WARN_INFINITE_RECURSION = YES;
				CLANG_WARN_INT_CONVERSION = YES;
				CLANG_WARN_NON_LITERAL_NULL_CONVERSION = YES;
				CLANG_WARN_OBJC_IMPLICIT_RETAIN_SELF = YES;
				CLANG_WARN_OBJC_LITERAL_CONVERSION = YES;
				CLANG_WARN_OBJC_ROOT_CLASS = YES_ERROR;
				CLANG_WARN_QUOTED_INCLUDE_IN_FRAMEWORK_HEADER = YES;
				CLANG_WARN_RANGE_LOOP_ANALYSIS = YES;
				CLANG_WARN_STRICT_PROTOTYPES = YES;
				CLANG_WARN_SUSPICIOUS_MOVE = YES;
				CLANG_WARN_UNGUARDED_AVAILABILITY = YES_AGGRESSIVE;
				CLANG_WARN_UNREACHABLE_CODE = YES;
				CLANG_WARN__DUPLICATE_METHOD_MATCH = YES;
				COPY_PHASE_STRIP = NO;
				DEBUG_INFORMATION_FORMAT = dwarf;
				ENABLE_STRICT_OBJC_MSGSEND = YES;
				ENABLE_TESTABILITY = YES;
				GCC_C_LANGUAGE_STANDARD = gnu11;
				GCC_DYNAMIC_NO_PIC = NO;
				GCC_NO_COMMON_BLOCKS = YES;
				GCC_OPTIMIZATION_LEVEL = 0;
				GCC_PREPROCESSOR_DEFINITIONS = (
					"DEBUG=1",
					"$(inherited)",
				);
				GCC_WARN_64_TO_32_BIT_CONVERSION = YES;
				GCC_WARN_ABOUT_RETURN_TYPE = YES_ERROR;
				GCC_WARN_UNDECLARED_SELECTOR = YES;
				GCC_WARN_UNINITIALIZED_AUTOS = YES_AGGRESSIVE;
				GCC_WARN_UNUSED_FUNCTION = YES;
				GCC_WARN_UNUSED_VARIABLE = YES;
				IPHONEOS_DEPLOYMENT_TARGET = 16.4;
				MTL_ENABLE_DEBUG_INFO = INCLUDE_SOURCE;
				MTL_FAST_MATH = YES;
				ONLY_ACTIVE_ARCH = YES;
				SDKROOT = iphoneos;
				SWIFT_ACTIVE_COMPILATION_CONDITIONS = DEBUG;
				SWIFT_OPTIMIZATION_LEVEL = "-Onone";
			};
			name = Debug;
		};
		86195B332A3C500D006D4BCE /* Release */ = {
			isa = XCBuildConfiguration;
			buildSettings = {
				ALWAYS_SEARCH_USER_PATHS = NO;
				CLANG_ANALYZER_LOCALIZABILITY_NONLOCALIZED = YES;
				CLANG_ANALYZER_NONNULL = YES;
				CLANG_ANALYZER_NUMBER_OBJECT_CONVERSION = YES_AGGRESSIVE;
				CLANG_CXX_LANGUAGE_STANDARD = "gnu++20";
				CLANG_ENABLE_MODULES = YES;
				CLANG_ENABLE_OBJC_ARC = YES;
				CLANG_ENABLE_OBJC_WEAK = YES;
				CLANG_WARN_BLOCK_CAPTURE_AUTORELEASING = YES;
				CLANG_WARN_BOOL_CONVERSION = YES;
				CLANG_WARN_COMMA = YES;
				CLANG_WARN_CONSTANT_CONVERSION = YES;
				CLANG_WARN_DEPRECATED_OBJC_IMPLEMENTATIONS = YES;
				CLANG_WARN_DIRECT_OBJC_ISA_USAGE = YES_ERROR;
				CLANG_WARN_DOCUMENTATION_COMMENTS = YES;
				CLANG_WARN_EMPTY_BODY = YES;
				CLANG_WARN_ENUM_CONVERSION = YES;
				CLANG_WARN_INFINITE_RECURSION = YES;
				CLANG_WARN_INT_CONVERSION = YES;
				CLANG_WARN_NON_LITERAL_NULL_CONVERSION = YES;
				CLANG_WARN_OBJC_IMPLICIT_RETAIN_SELF = YES;
				CLANG_WARN_OBJC_LITERAL_CONVERSION = YES;
				CLANG_WARN_OBJC_ROOT_CLASS = YES_ERROR;
				CLANG_WARN_QUOTED_INCLUDE_IN_FRAMEWORK_HEADER = YES;
				CLANG_WARN_RANGE_LOOP_ANALYSIS = YES;
				CLANG_WARN_STRICT_PROTOTYPES = YES;
				CLANG_WARN_SUSPICIOUS_MOVE = YES;
				CLANG_WARN_UNGUARDED_AVAILABILITY = YES_AGGRESSIVE;
				CLANG_WARN_UNREACHABLE_CODE = YES;
				CLANG_WARN__DUPLICATE_METHOD_MATCH = YES;
				COPY_PHASE_STRIP = NO;
				DEBUG_INFORMATION_FORMAT = "dwarf-with-dsym";
				ENABLE_NS_ASSERTIONS = NO;
				ENABLE_STRICT_OBJC_MSGSEND = YES;
				GCC_C_LANGUAGE_STANDARD = gnu11;
				GCC_NO_COMMON_BLOCKS = YES;
				GCC_WARN_64_TO_32_BIT_CONVERSION = YES;
				GCC_WARN_ABOUT_RETURN_TYPE = YES_ERROR;
				GCC_WARN_UNDECLARED_SELECTOR = YES;
				GCC_WARN_UNINITIALIZED_AUTOS = YES_AGGRESSIVE;
				GCC_WARN_UNUSED_FUNCTION = YES;
				GCC_WARN_UNUSED_VARIABLE = YES;
				IPHONEOS_DEPLOYMENT_TARGET = 16.4;
				MTL_ENABLE_DEBUG_INFO = NO;
				MTL_FAST_MATH = YES;
				SDKROOT = iphoneos;
				SWIFT_COMPILATION_MODE = wholemodule;
				SWIFT_OPTIMIZATION_LEVEL = "-O";
				VALIDATE_PRODUCT = YES;
			};
			name = Release;
		};
		86195B352A3C500D006D4BCE /* Debug */ = {
			isa = XCBuildConfiguration;
			buildSettings = {
				ASSETCATALOG_COMPILER_APPICON_NAME = AppIcon;
				ASSETCATALOG_COMPILER_GLOBAL_ACCENT_COLOR_NAME = AccentColor;
				CODE_SIGN_IDENTITY = "Apple Development";
				CODE_SIGN_STYLE = Automatic;
				CURRENT_PROJECT_VERSION = 1;
				DEVELOPMENT_ASSET_PATHS = "\"Convertator/Preview Content\"";
				DEVELOPMENT_TEAM = MZ3E779E6C;
				ENABLE_PREVIEWS = YES;
				GENERATE_INFOPLIST_FILE = YES;
				INFOPLIST_KEY_UIApplicationSceneManifest_Generation = YES;
				INFOPLIST_KEY_UIApplicationSupportsIndirectInputEvents = YES;
				INFOPLIST_KEY_UILaunchScreen_Generation = YES;
				INFOPLIST_KEY_UISupportedInterfaceOrientations_iPad = "UIInterfaceOrientationPortrait UIInterfaceOrientationPortraitUpsideDown UIInterfaceOrientationLandscapeLeft UIInterfaceOrientationLandscapeRight";
				INFOPLIST_KEY_UISupportedInterfaceOrientations_iPhone = "UIInterfaceOrientationPortrait UIInterfaceOrientationLandscapeLeft UIInterfaceOrientationLandscapeRight";
				LD_RUNPATH_SEARCH_PATHS = (
					"$(inherited)",
					"@executable_path/Frameworks",
				);
				MARKETING_VERSION = 1.0;
				PRODUCT_BUNDLE_IDENTIFIER = "jeremie-ada.Convertator";
				PRODUCT_NAME = "$(TARGET_NAME)";
				PROVISIONING_PROFILE_SPECIFIER = "";
				SWIFT_EMIT_LOC_STRINGS = YES;
				SWIFT_VERSION = 5.0;
				TARGETED_DEVICE_FAMILY = "1,2";
			};
			name = Debug;
		};
		86195B362A3C500D006D4BCE /* Release */ = {
			isa = XCBuildConfiguration;
			buildSettings = {
				ASSETCATALOG_COMPILER_APPICON_NAME = AppIcon;
				ASSETCATALOG_COMPILER_GLOBAL_ACCENT_COLOR_NAME = AccentColor;
				CODE_SIGN_IDENTITY = "Apple Development";
				CODE_SIGN_STYLE = Automatic;
				CURRENT_PROJECT_VERSION = 1;
				DEVELOPMENT_ASSET_PATHS = "\"Convertator/Preview Content\"";
				DEVELOPMENT_TEAM = MZ3E779E6C;
				ENABLE_PREVIEWS = YES;
				GENERATE_INFOPLIST_FILE = YES;
				INFOPLIST_KEY_UIApplicationSceneManifest_Generation = YES;
				INFOPLIST_KEY_UIApplicationSupportsIndirectInputEvents = YES;
				INFOPLIST_KEY_UILaunchScreen_Generation = YES;
				INFOPLIST_KEY_UISupportedInterfaceOrientations_iPad = "UIInterfaceOrientationPortrait UIInterfaceOrientationPortraitUpsideDown UIInterfaceOrientationLandscapeLeft UIInterfaceOrientationLandscapeRight";
				INFOPLIST_KEY_UISupportedInterfaceOrientations_iPhone = "UIInterfaceOrientationPortrait UIInterfaceOrientationLandscapeLeft UIInterfaceOrientationLandscapeRight";
				LD_RUNPATH_SEARCH_PATHS = (
					"$(inherited)",
					"@executable_path/Frameworks",
				);
				MARKETING_VERSION = 1.0;
				PRODUCT_BUNDLE_IDENTIFIER = "jeremie-ada.Convertator";
				PRODUCT_NAME = "$(TARGET_NAME)";
				PROVISIONING_PROFILE_SPECIFIER = "";
				SWIFT_EMIT_LOC_STRINGS = YES;
				SWIFT_VERSION = 5.0;
				TARGETED_DEVICE_FAMILY = "1,2";
			};
			name = Release;
		};
		86F5AE902A77F3590004AAC3 /* Debug */ = {
			isa = XCBuildConfiguration;
			buildSettings = {
				BUNDLE_LOADER = "$(TEST_HOST)";
				CODE_SIGN_STYLE = Automatic;
				CURRENT_PROJECT_VERSION = 1;
				DEVELOPMENT_TEAM = MZ3E779E6C;
				GENERATE_INFOPLIST_FILE = YES;
				IPHONEOS_DEPLOYMENT_TARGET = 15.0;
				MARKETING_VERSION = 1.0;
				PRODUCT_BUNDLE_IDENTIFIER = "jeremie-ada.ConvertatorTests";
				PRODUCT_NAME = "$(TARGET_NAME)";
				SWIFT_EMIT_LOC_STRINGS = NO;
				SWIFT_VERSION = 5.0;
				TARGETED_DEVICE_FAMILY = "1,2";
				TEST_HOST = "$(BUILT_PRODUCTS_DIR)/Convertator.app/$(BUNDLE_EXECUTABLE_FOLDER_PATH)/Convertator";
			};
			name = Debug;
		};
		86F5AE912A77F3590004AAC3 /* Release */ = {
			isa = XCBuildConfiguration;
			buildSettings = {
				BUNDLE_LOADER = "$(TEST_HOST)";
				CODE_SIGN_STYLE = Automatic;
				CURRENT_PROJECT_VERSION = 1;
				DEVELOPMENT_TEAM = MZ3E779E6C;
				GENERATE_INFOPLIST_FILE = YES;
				IPHONEOS_DEPLOYMENT_TARGET = 15.0;
				MARKETING_VERSION = 1.0;
				PRODUCT_BUNDLE_IDENTIFIER = "jeremie-ada.ConvertatorTests";
				PRODUCT_NAME = "$(TARGET_NAME)";
				SWIFT_EMIT_LOC_STRINGS = NO;
				SWIFT_VERSION = 5.0;
				TARGETED_DEVICE_FAMILY = "1,2";
				TEST_HOST = "$(BUILT_PRODUCTS_DIR)/Convertator.app/$(BUNDLE_EXECUTABLE_FOLDER_PATH)/Convertator";
			};
			name = Release;
		};
/* End XCBuildConfiguration section */

/* Begin XCConfigurationList section */
		86195B212A3C500B006D4BCE /* Build configuration list for PBXProject "Convertator" */ = {
			isa = XCConfigurationList;
			buildConfigurations = (
				86195B322A3C500D006D4BCE /* Debug */,
				86195B332A3C500D006D4BCE /* Release */,
			);
			defaultConfigurationIsVisible = 0;
			defaultConfigurationName = Release;
		};
		86195B342A3C500D006D4BCE /* Build configuration list for PBXNativeTarget "Convertator" */ = {
			isa = XCConfigurationList;
			buildConfigurations = (
				86195B352A3C500D006D4BCE /* Debug */,
				86195B362A3C500D006D4BCE /* Release */,
			);
			defaultConfigurationIsVisible = 0;
			defaultConfigurationName = Release;
		};
		86F5AE922A77F3590004AAC3 /* Build configuration list for PBXNativeTarget "ConvertatorTests" */ = {
			isa = XCConfigurationList;
			buildConfigurations = (
				86F5AE902A77F3590004AAC3 /* Debug */,
				86F5AE912A77F3590004AAC3 /* Release */,
			);
			defaultConfigurationIsVisible = 0;
			defaultConfigurationName = Release;
		};
/* End XCConfigurationList section */
	};
	rootObject = 86195B1E2A3C500B006D4BCE /* Project object */;
}
